PODS:
  - Cloudinary (2.9.0):
    - Cloudinary/ios (= 2.9.0)
  - Cloudinary/ios (2.9.0)

DEPENDENCIES:
  - Cloudinary

SPEC REPOS:
  https://github.com/cocoapods/specs.git:
    - Cloudinary

SPEC CHECKSUMS:
  Cloudinary: 8e9511826bd58df6b14f0c6c042f2c5a034081f4

PODFILE CHECKSUM: 5fe635994ffc1218fcc266c21c1a5e450c6c19e9

COCOAPODS: 1.5.2
